
Microsoft Visual Studio Solution File, Format Version 12.00
# Visual Studio Version 16
VisualStudioVersion = 16.0.30711.63
MinimumVisualStudioVersion = 10.0.40219.1
Project("{FAE04EC0-301F-11D3-BF4B-00C04F79EFBC}") = "MiAppWebNum2", "MiAppWebNum2\MiAppWebNum2.csproj", "{B9CCCCA6-64B8-42E3-997D-4A519176E1D1}"
EndProject
Global
	GlobalSection(SolutionConfigurationPlatforms) = preSolution
		Debug|Any CPU = Debug|Any CPU
		Release|Any CPU = Release|Any CPU
	EndGlobalSection
	GlobalSection(ProjectConfigurationPlatforms) = postSolution
		{B9CCCCA6-64B8-42E3-997D-4A519176E1D1}.Debug|Any CPU.ActiveCfg = Debug|Any CPU
		{B9CCCCA6-64B8-42E3-997D-4A519176E1D1}.Debug|Any CPU.Build.0 = Debug|Any CPU
		{B9CCCCA6-64B8-42E3-997D-4A519176E1D1}.Release|Any CPU.ActiveCfg = Release|Any CPU
		{B9CCCCA6-64B8-42E3-997D-4A519176E1D1}.Release|Any CPU.Build.0 = Release|Any CPU
	EndGlobalSection
	GlobalSection(SolutionProperties) = preSolution
		HideSolutionNode = FALSE
	EndGlobalSection
	GlobalSection(ExtensibilityGlobals) = postSolution
		SolutionGuid = {BB24EBF7-256A-4A1C-AA68-7A8CD592E52B}
	EndGlobalSection
EndGlobal
